
Microsoft Visual Studio Solution File, Format Version 12.00
# Visual Studio Version 16
VisualStudioVersion = 16.0.29509.3
MinimumVisualStudioVersion = 10.0.40219.1
Project("{9A19103F-16F7-4668-BE54-9A1E7A4F7556}") = "HelloAspCore", "HelloAspCore\HelloAspCore.csproj", "{8F15494E-AF33-423E-9CC5-0D7666060D5A}"
EndProject
Project("{9A19103F-16F7-4668-BE54-9A1E7A4F7556}") = "HelloAspCoreTests", "HelloAspCoreTests\HelloAspCoreTests.csproj", "{1D85C533-8417-49BC-A83F-19BD3A6C1A19}"
EndProject
Global
	GlobalSection(SolutionConfigurationPlatforms) = preSolution
		Debug|Any CPU = Debug|Any CPU
		Release|Any CPU = Release|Any CPU
	EndGlobalSection
	GlobalSection(ProjectConfigurationPlatforms) = postSolution
		{8F15494E-AF33-423E-9CC5-0D7666060D5A}.Debug|Any CPU.ActiveCfg = Debug|Any CPU
		{8F15494E-AF33-423E-9CC5-0D7666060D5A}.Debug|Any CPU.Build.0 = Debug|Any CPU
		{8F15494E-AF33-423E-9CC5-0D7666060D5A}.Release|Any CPU.ActiveCfg = Release|Any CPU
		{8F15494E-AF33-423E-9CC5-0D7666060D5A}.Release|Any CPU.Build.0 = Release|Any CPU
		{1D85C533-8417-49BC-A83F-19BD3A6C1A19}.Debug|Any CPU.ActiveCfg = Debug|Any CPU
		{1D85C533-8417-49BC-A83F-19BD3A6C1A19}.Debug|Any CPU.Build.0 = Debug|Any CPU
		{1D85C533-8417-49BC-A83F-19BD3A6C1A19}.Release|Any CPU.ActiveCfg = Release|Any CPU
		{1D85C533-8417-49BC-A83F-19BD3A6C1A19}.Release|Any CPU.Build.0 = Release|Any CPU
	EndGlobalSection
	GlobalSection(SolutionProperties) = preSolution
		HideSolutionNode = FALSE
	EndGlobalSection
	GlobalSection(ExtensibilityGlobals) = postSolution
		SolutionGuid = {00F8A9F7-1AA6-4F3F-8121-7BD155BFFAF7}
	EndGlobalSection
EndGlobal
